
Microsoft Visual Studio Solution File, Format Version 12.00
# Visual Studio Version 17
VisualStudioVersion = 17.4.33122.133
MinimumVisualStudioVersion = 10.0.40219.1
Project("{FAE04EC0-301F-11D3-BF4B-00C04F79EFBC}") = "CheckersGame", "CheckersGame\CheckersGame.csproj", "{19E13B3F-2EC5-477E-8554-9988A6412D10}"
EndProject
Global
	GlobalSection(SolutionConfigurationPlatforms) = preSolution
		Debug|Any CPU = Debug|Any CPU
		Release|Any CPU = Release|Any CPU
	EndGlobalSection
	GlobalSection(ProjectConfigurationPlatforms) = postSolution
		{19E13B3F-2EC5-477E-8554-9988A6412D10}.Debug|Any CPU.ActiveCfg = Debug|Any CPU
		{19E13B3F-2EC5-477E-8554-9988A6412D10}.Debug|Any CPU.Build.0 = Debug|Any CPU
		{19E13B3F-2EC5-477E-8554-9988A6412D10}.Release|Any CPU.ActiveCfg = Release|Any CPU
		{19E13B3F-2EC5-477E-8554-9988A6412D10}.Release|Any CPU.Build.0 = Release|Any CPU
	EndGlobalSection
	GlobalSection(SolutionProperties) = preSolution
		HideSolutionNode = FALSE
	EndGlobalSection
	GlobalSection(ExtensibilityGlobals) = postSolution
		SolutionGuid = {74030584-5517-4E79-900C-4B76BC355DAF}
	EndGlobalSection
EndGlobal
